// !$*UTF8*$!
{
	archiveVersion = 1;
	classes = {
	};
	objectVersion = 50;
	objects = {

/* Begin PBXBuildFile section */
		F6F9730E20F1AD4F00C4F36E /* AppDelegate.swift in Sources */ = {isa = PBXBuildFile; fileRef = F6F9730D20F1AD4F00C4F36E /* AppDelegate.swift */; };
		F6F9731020F1AD4F00C4F36E /* ViewController.swift in Sources */ = {isa = PBXBuildFile; fileRef = F6F9730F20F1AD4F00C4F36E /* ViewController.swift */; };
		F6F9731320F1AD4F00C4F36E /* Main.storyboard in Resources */ = {isa = PBXBuildFile; fileRef = F6F9731120F1AD4F00C4F36E /* Main.storyboard */; };
		F6F9731520F1AD5100C4F36E /* Assets.xcassets in Resources */ = {isa = PBXBuildFile; fileRef = F6F9731420F1AD5100C4F36E /* Assets.xcassets */; };
		F6F9731820F1AD5100C4F36E /* LaunchScreen.storyboard in Resources */ = {isa = PBXBuildFile; fileRef = F6F9731620F1AD5100C4F36E /* LaunchScreen.storyboard */; };
		F6F9732320F1AD5100C4F36E /* StoreAppTests.swift in Sources */ = {isa = PBXBuildFile; fileRef = F6F9732220F1AD5100C4F36E /* StoreAppTests.swift */; };
		F6F9732E20F1AD5100C4F36E /* StoreAppUITests.swift in Sources */ = {isa = PBXBuildFile; fileRef = F6F9732D20F1AD5100C4F36E /* StoreAppUITests.swift */; };
		F6F9733C20F1C88000C4F36E /* ActorCell.swift in Sources */ = {isa = PBXBuildFile; fileRef = F6F9733B20F1C88000C4F36E /* ActorCell.swift */; };
		F6F9733E20F1CF7300C4F36E /* Actor.swift in Sources */ = {isa = PBXBuildFile; fileRef = F6F9733D20F1CF7300C4F36E /* Actor.swift */; };
/* End PBXBuildFile section */

/* Begin PBXContainerItemProxy section */
		F6F9731F20F1AD5100C4F36E /* PBXContainerItemProxy */ = {
			isa = PBXContainerItemProxy;
			containerPortal = F6F9730220F1AD4F00C4F36E /* Project object */;
			proxyType = 1;
			remoteGlobalIDString = F6F9730920F1AD4F00C4F36E;
			remoteInfo = StoreApp;
		};
		F6F9732A20F1AD5100C4F36E /* PBXContainerItemProxy */ = {
			isa = PBXContainerItemProxy;
			containerPortal = F6F9730220F1AD4F00C4F36E /* Project object */;
			proxyType = 1;
			remoteGlobalIDString = F6F9730920F1AD4F00C4F36E;
			remoteInfo = StoreApp;
		};
/* End PBXContainerItemProxy section */

/* Begin PBXFileReference section */
		F6F9730A20F1AD4F00C4F36E /* StoreApp.app */ = {isa = PBXFileReference; explicitFileType = wrapper.application; includeInIndex = 0; path = StoreApp.app; sourceTree = BUILT_PRODUCTS_DIR; };
		F6F9730D20F1AD4F00C4F36E /* AppDelegate.swift */ = {isa = PBXFileReference; lastKnownFileType = sourcecode.swift; path = AppDelegate.swift; sourceTree = "<group>"; };
		F6F9730F20F1AD4F00C4F36E /* ViewController.swift */ = {isa = PBXFileReference; lastKnownFileType = sourcecode.swift; path = ViewController.swift; sourceTree = "<group>"; };
		F6F9731220F1AD4F00C4F36E /* Base */ = {isa = PBXFileReference; lastKnownFileType = file.storyboard; name = Base; path = Base.lproj/Main.storyboard; sourceTree = "<group>"; };
		F6F9731420F1AD5100C4F36E /* Assets.xcassets */ = {isa = PBXFileReference; lastKnownFileType = folder.assetcatalog; path = Assets.xcassets; sourceTree = "<group>"; };
		F6F9731720F1AD5100C4F36E /* Base */ = {isa = PBXFileReference; lastKnownFileType = file.storyboard; name = Base; path = Base.lproj/LaunchScreen.storyboard; sourceTree = "<group>"; };
		F6F9731920F1AD5100C4F36E /* Info.plist */ = {isa = PBXFileReference; lastKnownFileType = text.plist.xml; path = Info.plist; sourceTree = "<group>"; };
		F6F9731E20F1AD5100C4F36E /* StoreAppTests.xctest */ = {isa = PBXFileReference; explicitFileType = wrapper.cfbundle; includeInIndex = 0; path = StoreAppTests.xctest; sourceTree = BUILT_PRODUCTS_DIR; };
		F6F9732220F1AD5100C4F36E /* StoreAppTests.swift */ = {isa = PBXFileReference; lastKnownFileType = sourcecode.swift; path = StoreAppTests.swift; sourceTree = "<group>"; };
		F6F9732420F1AD5100C4F36E /* Info.plist */ = {isa = PBXFileReference; lastKnownFileType = text.plist.xml; path = Info.plist; sourceTree = "<group>"; };
		F6F9732920F1AD5100C4F36E /* StoreAppUITests.xctest */ = {isa = PBXFileReference; explicitFileType = wrapper.cfbundle; includeInIndex = 0; path = StoreAppUITests.xctest; sourceTree = BUILT_PRODUCTS_DIR; };
		F6F9732D20F1AD5100C4F36E /* StoreAppUITests.swift */ = {isa = PBXFileReference; lastKnownFileType = sourcecode.swift; path = StoreAppUITests.swift; sourceTree = "<group>"; };
		F6F9732F20F1AD5100C4F36E /* Info.plist */ = {isa = PBXFileReference; lastKnownFileType = text.plist.xml; path = Info.plist; sourceTree = "<group>"; };
		F6F9733B20F1C88000C4F36E /* ActorCell.swift */ = {isa = PBXFileReference; lastKnownFileType = sourcecode.swift; path = ActorCell.swift; sourceTree = "<group>"; };
		F6F9733D20F1CF7300C4F36E /* Actor.swift */ = {isa = PBXFileReference; lastKnownFileType = sourcecode.swift; path = Actor.swift; sourceTree = "<group>"; };
/* End PBXFileReference section */

/* Begin PBXFrameworksBuildPhase section */
		F6F9730720F1AD4F00C4F36E /* Frameworks */ = {
			isa = PBXFrameworksBuildPhase;
			buildActionMask = 2147483647;
			files = (
			);
			runOnlyForDeploymentPostprocessing = 0;
		};
		F6F9731B20F1AD5100C4F36E /* Frameworks */ = {
			isa = PBXFrameworksBuildPhase;
			buildActionMask = 2147483647;
			files = (
			);
			runOnlyForDeploymentPostprocessing = 0;
		};
		F6F9732620F1AD5100C4F36E /* Frameworks */ = {
			isa = PBXFrameworksBuildPhase;
			buildActionMask = 2147483647;
			files = (
			);
			runOnlyForDeploymentPostprocessing = 0;
		};
/* End PBXFrameworksBuildPhase section */

/* Begin PBXGroup section */
		F6F9730120F1AD4F00C4F36E = {
			isa = PBXGroup;
			children = (
				F6F9730C20F1AD4F00C4F36E /* StoreApp */,
				F6F9732120F1AD5100C4F36E /* StoreAppTests */,
				F6F9732C20F1AD5100C4F36E /* StoreAppUITests */,
				F6F9730B20F1AD4F00C4F36E /* Products */,
			);
			sourceTree = "<group>";
		};
		F6F9730B20F1AD4F00C4F36E /* Products */ = {
			isa = PBXGroup;
			children = (
				F6F9730A20F1AD4F00C4F36E /* StoreApp.app */,
				F6F9731E20F1AD5100C4F36E /* StoreAppTests.xctest */,
				F6F9732920F1AD5100C4F36E /* StoreAppUITests.xctest */,
			);
			name = Products;
			sourceTree = "<group>";
		};
		F6F9730C20F1AD4F00C4F36E /* StoreApp */ = {
			isa = PBXGroup;
			children = (
				F6F9730D20F1AD4F00C4F36E /* AppDelegate.swift */,
				F6F9730F20F1AD4F00C4F36E /* ViewController.swift */,
				F6F9733B20F1C88000C4F36E /* ActorCell.swift */,
				F6F9731120F1AD4F00C4F36E /* Main.storyboard */,
				F6F9731420F1AD5100C4F36E /* Assets.xcassets */,
				F6F9731620F1AD5100C4F36E /* LaunchScreen.storyboard */,
				F6F9731920F1AD5100C4F36E /* Info.plist */,
				F6F9733D20F1CF7300C4F36E /* Actor.swift */,
			);
			path = StoreApp;
			sourceTree = "<group>";
		};
		F6F9732120F1AD5100C4F36E /* StoreAppTests */ = {
			isa = PBXGroup;
			children = (
				F6F9732220F1AD5100C4F36E /* StoreAppTests.swift */,
				F6F9732420F1AD5100C4F36E /* Info.plist */,
			);
			path = StoreAppTests;
			sourceTree = "<group>";
		};
		F6F9732C20F1AD5100C4F36E /* StoreAppUITests */ = {
			isa = PBXGroup;
			children = (
				F6F9732D20F1AD5100C4F36E /* StoreAppUITests.swift */,
				F6F9732F20F1AD5100C4F36E /* Info.plist */,
			);
			path = StoreAppUITests;
			sourceTree = "<group>";
		};
/* End PBXGroup section */

/* Begin PBXNativeTarget section */
		F6F9730920F1AD4F00C4F36E /* StoreApp */ = {
			isa = PBXNativeTarget;
			buildConfigurationList = F6F9733220F1AD5100C4F36E /* Build configuration list for PBXNativeTarget "StoreApp" */;
			buildPhases = (
				F6F9730620F1AD4F00C4F36E /* Sources */,
				F6F9730720F1AD4F00C4F36E /* Frameworks */,
				F6F9730820F1AD4F00C4F36E /* Resources */,
			);
			buildRules = (
			);
			dependencies = (
			);
			name = StoreApp;
			productName = StoreApp;
			productReference = F6F9730A20F1AD4F00C4F36E /* StoreApp.app */;
			productType = "com.apple.product-type.application";
		};
		F6F9731D20F1AD5100C4F36E /* StoreAppTests */ = {
			isa = PBXNativeTarget;
			buildConfigurationList = F6F9733520F1AD5100C4F36E /* Build configuration list for PBXNativeTarget "StoreAppTests" */;
			buildPhases = (
				F6F9731A20F1AD5100C4F36E /* Sources */,
				F6F9731B20F1AD5100C4F36E /* Frameworks */,
				F6F9731C20F1AD5100C4F36E /* Resources */,
			);
			buildRules = (
			);
			dependencies = (
				F6F9732020F1AD5100C4F36E /* PBXTargetDependency */,
			);
			name = StoreAppTests;
			productName = StoreAppTests;
			productReference = F6F9731E20F1AD5100C4F36E /* StoreAppTests.xctest */;
			productType = "com.apple.product-type.bundle.unit-test";
		};
		F6F9732820F1AD5100C4F36E /* StoreAppUITests */ = {
			isa = PBXNativeTarget;
			buildConfigurationList = F6F9733820F1AD5100C4F36E /* Build configuration list for PBXNativeTarget "StoreAppUITests" */;
			buildPhases = (
				F6F9732520F1AD5100C4F36E /* Sources */,
				F6F9732620F1AD5100C4F36E /* Frameworks */,
				F6F9732720F1AD5100C4F36E /* Resources */,
			);
			buildRules = (
			);
			dependencies = (
				F6F9732B20F1AD5100C4F36E /* PBXTargetDependency */,
			);
			name = StoreAppUITests;
			productName = StoreAppUITests;
			productReference = F6F9732920F1AD5100C4F36E /* StoreAppUITests.xctest */;
			productType = "com.apple.product-type.bundle.ui-testing";
		};
/* End PBXNativeTarget section */

/* Begin PBXProject section */
		F6F9730220F1AD4F00C4F36E /* Project object */ = {
			isa = PBXProject;
			attributes = {
				LastSwiftUpdateCheck = 0940;
				LastUpgradeCheck = 0940;
				ORGANIZATIONNAME = mincheol;
				TargetAttributes = {
					F6F9730920F1AD4F00C4F36E = {
						CreatedOnToolsVersion = 9.4.1;
					};
					F6F9731D20F1AD5100C4F36E = {
						CreatedOnToolsVersion = 9.4.1;
						TestTargetID = F6F9730920F1AD4F00C4F36E;
					};
					F6F9732820F1AD5100C4F36E = {
						CreatedOnToolsVersion = 9.4.1;
						TestTargetID = F6F9730920F1AD4F00C4F36E;
					};
				};
			};
			buildConfigurationList = F6F9730520F1AD4F00C4F36E /* Build configuration list for PBXProject "StoreApp" */;
			compatibilityVersion = "Xcode 9.3";
			developmentRegion = en;
			hasScannedForEncodings = 0;
			knownRegions = (
				en,
				Base,
			);
			mainGroup = F6F9730120F1AD4F00C4F36E;
			productRefGroup = F6F9730B20F1AD4F00C4F36E /* Products */;
			projectDirPath = "";
			projectRoot = "";
			targets = (
				F6F9730920F1AD4F00C4F36E /* StoreApp */,
				F6F9731D20F1AD5100C4F36E /* StoreAppTests */,
				F6F9732820F1AD5100C4F36E /* StoreAppUITests */,
			);
		};
/* End PBXProject section */

/* Begin PBXResourcesBuildPhase section */
		F6F9730820F1AD4F00C4F36E /* Resources */ = {
			isa = PBXResourcesBuildPhase;
			buildActionMask = 2147483647;
			files = (
				F6F9731820F1AD5100C4F36E /* LaunchScreen.storyboard in Resources */,
				F6F9731520F1AD5100C4F36E /* Assets.xcassets in Resources */,
				F6F9731320F1AD4F00C4F36E /* Main.storyboard in Resources */,
			);
			runOnlyForDeploymentPostprocessing = 0;
		};
		F6F9731C20F1AD5100C4F36E /* Resources */ = {
			isa = PBXResourcesBuildPhase;
			buildActionMask = 2147483647;
			files = (
			);
			runOnlyForDeploymentPostprocessing = 0;
		};
		F6F9732720F1AD5100C4F36E /* Resources */ = {
			isa = PBXResourcesBuildPhase;
			buildActionMask = 2147483647;
			files = (
			);
			runOnlyForDeploymentPostprocessing = 0;
		};
/* End PBXResourcesBuildPhase section */

/* Begin PBXSourcesBuildPhase section */
		F6F9730620F1AD4F00C4F36E /* Sources */ = {
			isa = PBXSourcesBuildPhase;
			buildActionMask = 2147483647;
			files = (
				F6F9731020F1AD4F00C4F36E /* ViewController.swift in Sources */,
				F6F9733C20F1C88000C4F36E /* ActorCell.swift in Sources */,
				F6F9730E20F1AD4F00C4F36E /* AppDelegate.swift in Sources */,
				F6F9733E20F1CF7300C4F36E /* Actor.swift in Sources */,
			);
			runOnlyForDeploymentPostprocessing = 0;
		};
		F6F9731A20F1AD5100C4F36E /* Sources */ = {
			isa = PBXSourcesBuildPhase;
			buildActionMask = 2147483647;
			files = (
				F6F9732320F1AD5100C4F36E /* StoreAppTests.swift in Sources */,
			);
			runOnlyForDeploymentPostprocessing = 0;
		};
		F6F9732520F1AD5100C4F36E /* Sources */ = {
			isa = PBXSourcesBuildPhase;
			buildActionMask = 2147483647;
			files = (
				F6F9732E20F1AD5100C4F36E /* StoreAppUITests.swift in Sources */,
			);
			runOnlyForDeploymentPostprocessing = 0;
		};
/* End PBXSourcesBuildPhase section */

/* Begin PBXTargetDependency section */
		F6F9732020F1AD5100C4F36E /* PBXTargetDependency */ = {
			isa = PBXTargetDependency;
			target = F6F9730920F1AD4F00C4F36E /* StoreApp */;
			targetProxy = F6F9731F20F1AD5100C4F36E /* PBXContainerItemProxy */;
		};
		F6F9732B20F1AD5100C4F36E /* PBXTargetDependency */ = {
			isa = PBXTargetDependency;
			target = F6F9730920F1AD4F00C4F36E /* StoreApp */;
			targetProxy = F6F9732A20F1AD5100C4F36E /* PBXContainerItemProxy */;
		};
/* End PBXTargetDependency section */

/* Begin PBXVariantGroup section */
		F6F9731120F1AD4F00C4F36E /* Main.storyboard */ = {
			isa = PBXVariantGroup;
			children = (
				F6F9731220F1AD4F00C4F36E /* Base */,
			);
			name = Main.storyboard;
			sourceTree = "<group>";
		};
		F6F9731620F1AD5100C4F36E /* LaunchScreen.storyboard */ = {
			isa = PBXVariantGroup;
			children = (
				F6F9731720F1AD5100C4F36E /* Base */,
			);
			name = LaunchScreen.storyboard;
			sourceTree = "<group>";
		};
/* End PBXVariantGroup section */

/* Begin XCBuildConfiguration section */
		F6F9733020F1AD5100C4F36E /* Debug */ = {
			isa = XCBuildConfiguration;
			buildSettings = {
				ALWAYS_SEARCH_USER_PATHS = NO;
				CLANG_ANALYZER_NONNULL = YES;
				CLANG_ANALYZER_NUMBER_OBJECT_CONVERSION = YES_AGGRESSIVE;
				CLANG_CXX_LANGUAGE_STANDARD = "gnu++14";
				CLANG_CXX_LIBRARY = "libc++";
				CLANG_ENABLE_MODULES = YES;
				CLANG_ENABLE_OBJC_ARC = YES;
				CLANG_ENABLE_OBJC_WEAK = YES;
				CLANG_WARN_BLOCK_CAPTURE_AUTORELEASING = YES;
				CLANG_WARN_BOOL_CONVERSION = YES;
				CLANG_WARN_COMMA = YES;
				CLANG_WARN_CONSTANT_CONVERSION = YES;
				CLANG_WARN_DEPRECATED_OBJC_IMPLEMENTATIONS = YES;
				CLANG_WARN_DIRECT_OBJC_ISA_USAGE = YES_ERROR;
				CLANG_WARN_DOCUMENTATION_COMMENTS = YES;
				CLANG_WARN_EMPTY_BODY = YES;
				CLANG_WARN_ENUM_CONVERSION = YES;
				CLANG_WARN_INFINITE_RECURSION = YES;
				CLANG_WARN_INT_CONVERSION = YES;
				CLANG_WARN_NON_LITERAL_NULL_CONVERSION = YES;
				CLANG_WARN_OBJC_IMPLICIT_RETAIN_SELF = YES;
				CLANG_WARN_OBJC_LITERAL_CONVERSION = YES;
				CLANG_WARN_OBJC_ROOT_CLASS = YES_ERROR;
				CLANG_WARN_RANGE_LOOP_ANALYSIS = YES;
				CLANG_WARN_STRICT_PROTOTYPES = YES;
				CLANG_WARN_SUSPICIOUS_MOVE = YES;
				CLANG_WARN_UNGUARDED_AVAILABILITY = YES_AGGRESSIVE;
				CLANG_WARN_UNREACHABLE_CODE = YES;
				CLANG_WARN__DUPLICATE_METHOD_MATCH = YES;
				CODE_SIGN_IDENTITY = "iPhone Developer";
				COPY_PHASE_STRIP = NO;
				DEBUG_INFORMATION_FORMAT = dwarf;
				ENABLE_STRICT_OBJC_MSGSEND = YES;
				ENABLE_TESTABILITY = YES;
				GCC_C_LANGUAGE_STANDARD = gnu11;
				GCC_DYNAMIC_NO_PIC = NO;
				GCC_NO_COMMON_BLOCKS = YES;
				GCC_OPTIMIZATION_LEVEL = 0;
				GCC_PREPROCESSOR_DEFINITIONS = (
					"DEBUG=1",
					"$(inherited)",
				);
				GCC_WARN_64_TO_32_BIT_CONVERSION = YES;
				GCC_WARN_ABOUT_RETURN_TYPE = YES_ERROR;
				GCC_WARN_UNDECLARED_SELECTOR = YES;
				GCC_WARN_UNINITIALIZED_AUTOS = YES_AGGRESSIVE;
				GCC_WARN_UNUSED_FUNCTION = YES;
				GCC_WARN_UNUSED_VARIABLE = YES;
				IPHONEOS_DEPLOYMENT_TARGET = 11.4;
				MTL_ENABLE_DEBUG_INFO = YES;
				ONLY_ACTIVE_ARCH = YES;
				SDKROOT = iphoneos;
				SWIFT_ACTIVE_COMPILATION_CONDITIONS = DEBUG;
				SWIFT_OPTIMIZATION_LEVEL = "-Onone";
			};
			name = Debug;
		};
		F6F9733120F1AD5100C4F36E /* Release */ = {
			isa = XCBuildConfiguration;
			buildSettings = {
				ALWAYS_SEARCH_USER_PATHS = NO;
				CLANG_ANALYZER_NONNULL = YES;
				CLANG_ANALYZER_NUMBER_OBJECT_CONVERSION = YES_AGGRESSIVE;
				CLANG_CXX_LANGUAGE_STANDARD = "gnu++14";
				CLANG_CXX_LIBRARY = "libc++";
				CLANG_ENABLE_MODULES = YES;
				CLANG_ENABLE_OBJC_ARC = YES;
				CLANG_ENABLE_OBJC_WEAK = YES;
				CLANG_WARN_BLOCK_CAPTURE_AUTORELEASING = YES;
				CLANG_WARN_BOOL_CONVERSION = YES;
				CLANG_WARN_COMMA = YES;
				CLANG_WARN_CONSTANT_CONVERSION = YES;
				CLANG_WARN_DEPRECATED_OBJC_IMPLEMENTATIONS = YES;
				CLANG_WARN_DIRECT_OBJC_ISA_USAGE = YES_ERROR;
				CLANG_WARN_DOCUMENTATION_COMMENTS = YES;
				CLANG_WARN_EMPTY_BODY = YES;
				CLANG_WARN_ENUM_CONVERSION = YES;
				CLANG_WARN_INFINITE_RECURSION = YES;
				CLANG_WARN_INT_CONVERSION = YES;
				CLANG_WARN_NON_LITERAL_NULL_CONVERSION = YES;
				CLANG_WARN_OBJC_IMPLICIT_RETAIN_SELF = YES;
				CLANG_WARN_OBJC_LITERAL_CONVERSION = YES;
				CLANG_WARN_OBJC_ROOT_CLASS = YES_ERROR;
				CLANG_WARN_RANGE_LOOP_ANALYSIS = YES;
				CLANG_WARN_STRICT_PROTOTYPES = YES;
				CLANG_WARN_SUSPICIOUS_MOVE = YES;
				CLANG_WARN_UNGUARDED_AVAILABILITY = YES_AGGRESSIVE;
				CLANG_WARN_UNREACHABLE_CODE = YES;
				CLANG_WARN__DUPLICATE_METHOD_MATCH = YES;
				CODE_SIGN_IDENTITY = "iPhone Developer";
				COPY_PHASE_STRIP = NO;
				DEBUG_INFORMATION_FORMAT = "dwarf-with-dsym";
				ENABLE_NS_ASSERTIONS = NO;
				ENABLE_STRICT_OBJC_MSGSEND = YES;
				GCC_C_LANGUAGE_STANDARD = gnu11;
				GCC_NO_COMMON_BLOCKS = YES;
				GCC_WARN_64_TO_32_BIT_CONVERSION = YES;
				GCC_WARN_ABOUT_RETURN_TYPE = YES_ERROR;
				GCC_WARN_UNDECLARED_SELECTOR = YES;
				GCC_WARN_UNINITIALIZED_AUTOS = YES_AGGRESSIVE;
				GCC_WARN_UNUSED_FUNCTION = YES;
				GCC_WARN_UNUSED_VARIABLE = YES;
				IPHONEOS_DEPLOYMENT_TARGET = 11.4;
				MTL_ENABLE_DEBUG_INFO = NO;
				SDKROOT = iphoneos;
				SWIFT_COMPILATION_MODE = wholemodule;
				SWIFT_OPTIMIZATION_LEVEL = "-O";
				VALIDATE_PRODUCT = YES;
			};
			name = Release;
		};
		F6F9733320F1AD5100C4F36E /* Debug */ = {
			isa = XCBuildConfiguration;
			buildSettings = {
				ASSETCATALOG_COMPILER_APPICON_NAME = AppIcon;
				CODE_SIGN_STYLE = Automatic;
				DEVELOPMENT_TEAM = KLBX6MMGCL;
				INFOPLIST_FILE = StoreApp/Info.plist;
				LD_RUNPATH_SEARCH_PATHS = (
					"$(inherited)",
					"@executable_path/Frameworks",
				);
				PRODUCT_BUNDLE_IDENTIFIER = kr.mincheol.StoreApp;
				PRODUCT_NAME = "$(TARGET_NAME)";
				SWIFT_VERSION = 4.0;
				TARGETED_DEVICE_FAMILY = "1,2";
			};
			name = Debug;
		};
		F6F9733420F1AD5100C4F36E /* Release */ = {
			isa = XCBuildConfiguration;
			buildSettings = {
				ASSETCATALOG_COMPILER_APPICON_NAME = AppIcon;
				CODE_SIGN_STYLE = Automatic;
				DEVELOPMENT_TEAM = KLBX6MMGCL;
				INFOPLIST_FILE = StoreApp/Info.plist;
				LD_RUNPATH_SEARCH_PATHS = (
					"$(inherited)",
					"@executable_path/Frameworks",
				);
				PRODUCT_BUNDLE_IDENTIFIER = kr.mincheol.StoreApp;
				PRODUCT_NAME = "$(TARGET_NAME)";
				SWIFT_VERSION = 4.0;
				TARGETED_DEVICE_FAMILY = "1,2";
			};
			name = Release;
		};
		F6F9733620F1AD5100C4F36E /* Debug */ = {
			isa = XCBuildConfiguration;
			buildSettings = {
				ALWAYS_EMBED_SWIFT_STANDARD_LIBRARIES = YES;
				BUNDLE_LOADER = "$(TEST_HOST)";
				CODE_SIGN_STYLE = Automatic;
				DEVELOPMENT_TEAM = KC8K35FB95;
				INFOPLIST_FILE = StoreAppTests/Info.plist;
				LD_RUNPATH_SEARCH_PATHS = (
					"$(inherited)",
					"@executable_path/Frameworks",
					"@loader_path/Frameworks",
				);
				PRODUCT_BUNDLE_IDENTIFIER = kr.mincheol.StoreAppTests;
				PRODUCT_NAME = "$(TARGET_NAME)";
				SWIFT_VERSION = 4.0;
				TARGETED_DEVICE_FAMILY = "1,2";
				TEST_HOST = "$(BUILT_PRODUCTS_DIR)/StoreApp.app/StoreApp";
			};
			name = Debug;
		};
		F6F9733720F1AD5100C4F36E /* Release */ = {
			isa = XCBuildConfiguration;
			buildSettings = {
				ALWAYS_EMBED_SWIFT_STANDARD_LIBRARIES = YES;
				BUNDLE_LOADER = "$(TEST_HOST)";
				CODE_SIGN_STYLE = Automatic;
				DEVELOPMENT_TEAM = KC8K35FB95;
				INFOPLIST_FILE = StoreAppTests/Info.plist;
				LD_RUNPATH_SEARCH_PATHS = (
					"$(inherited)",
					"@executable_path/Frameworks",
					"@loader_path/Frameworks",
				);
				PRODUCT_BUNDLE_IDENTIFIER = kr.mincheol.StoreAppTests;
				PRODUCT_NAME = "$(TARGET_NAME)";
				SWIFT_VERSION = 4.0;
				TARGETED_DEVICE_FAMILY = "1,2";
				TEST_HOST = "$(BUILT_PRODUCTS_DIR)/StoreApp.app/StoreApp";
			};
			name = Release;
		};
		F6F9733920F1AD5100C4F36E /* Debug */ = {
			isa = XCBuildConfiguration;
			buildSettings = {
				ALWAYS_EMBED_SWIFT_STANDARD_LIBRARIES = YES;
				CODE_SIGN_STYLE = Automatic;
				DEVELOPMENT_TEAM = KC8K35FB95;
				INFOPLIST_FILE = StoreAppUITests/Info.plist;
				LD_RUNPATH_SEARCH_PATHS = (
					"$(inherited)",
					"@executable_path/Frameworks",
					"@loader_path/Frameworks",
				);
				PRODUCT_BUNDLE_IDENTIFIER = kr.mincheol.StoreAppUITests;
				PRODUCT_NAME = "$(TARGET_NAME)";
				SWIFT_VERSION = 4.0;
				TARGETED_DEVICE_FAMILY = "1,2";
				TEST_TARGET_NAME = StoreApp;
			};
			name = Debug;
		};
		F6F9733A20F1AD5100C4F36E /* Release */ = {
			isa = XCBuildConfiguration;
			buildSettings = {
				ALWAYS_EMBED_SWIFT_STANDARD_LIBRARIES = YES;
				CODE_SIGN_STYLE = Automatic;
				DEVELOPMENT_TEAM = KC8K35FB95;
				INFOPLIST_FILE = StoreAppUITests/Info.plist;
				LD_RUNPATH_SEARCH_PATHS = (
					"$(inherited)",
					"@executable_path/Frameworks",
					"@loader_path/Frameworks",
				);
				PRODUCT_BUNDLE_IDENTIFIER = kr.mincheol.StoreAppUITests;
				PRODUCT_NAME = "$(TARGET_NAME)";
				SWIFT_VERSION = 4.0;
				TARGETED_DEVICE_FAMILY = "1,2";
				TEST_TARGET_NAME = StoreApp;
			};
			name = Release;
		};
/* End XCBuildConfiguration section */

/* Begin XCConfigurationList section */
		F6F9730520F1AD4F00C4F36E /* Build configuration list for PBXProject "StoreApp" */ = {
			isa = XCConfigurationList;
			buildConfigurations = (
				F6F9733020F1AD5100C4F36E /* Debug */,
				F6F9733120F1AD5100C4F36E /* Release */,
			);
			defaultConfigurationIsVisible = 0;
			defaultConfigurationName = Release;
		};
		F6F9733220F1AD5100C4F36E /* Build configuration list for PBXNativeTarget "StoreApp" */ = {
			isa = XCConfigurationList;
			buildConfigurations = (
				F6F9733320F1AD5100C4F36E /* Debug */,
				F6F9733420F1AD5100C4F36E /* Release */,
			);
			defaultConfigurationIsVisible = 0;
			defaultConfigurationName = Release;
		};
		F6F9733520F1AD5100C4F36E /* Build configuration list for PBXNativeTarget "StoreAppTests" */ = {
			isa = XCConfigurationList;
			buildConfigurations = (
				F6F9733620F1AD5100C4F36E /* Debug */,
				F6F9733720F1AD5100C4F36E /* Release */,
			);
			defaultConfigurationIsVisible = 0;
			defaultConfigurationName = Release;
		};
		F6F9733820F1AD5100C4F36E /* Build configuration list for PBXNativeTarget "StoreAppUITests" */ = {
			isa = XCConfigurationList;
			buildConfigurations = (
				F6F9733920F1AD5100C4F36E /* Debug */,
				F6F9733A20F1AD5100C4F36E /* Release */,
			);
			defaultConfigurationIsVisible = 0;
			defaultConfigurationName = Release;
		};
/* End XCConfigurationList section */
	};
	rootObject = F6F9730220F1AD4F00C4F36E /* Project object */;
}
